
Microsoft Visual Studio Solution File, Format Version 12.00
# Visual Studio Version 17
VisualStudioVersion = 17.4.33213.308
MinimumVisualStudioVersion = 10.0.40219.1
Project("{FAE04EC0-301F-11D3-BF4B-00C04F79EFBC}") = "HungryPizza.Api", "HungryPizza.Api.csproj", "{FA402A3A-94B5-4A9F-AE69-0D6C85A3A79A}"
EndProject
Project("{FAE04EC0-301F-11D3-BF4B-00C04F79EFBC}") = "HungryPizza.Data", "..\HungryPizza.Data\HungryPizza.Data.csproj", "{C564C211-62AB-48D2-9162-F2601FBB8802}"
EndProject
Project("{FAE04EC0-301F-11D3-BF4B-00C04F79EFBC}") = "HungryPizza.Infrastructure", "..\HungryPizza.Infrastructure\HungryPizza.Infrastructure.csproj", "{63FC487B-5A82-4C99-8D99-D0E7B951DE1F}"
EndProject
Project("{FAE04EC0-301F-11D3-BF4B-00C04F79EFBC}") = "HungryPizza.Domain", "..\HungryPizza.Domain\HungryPizza.Domain.csproj", "{CB070214-8873-425F-9BFA-7DECE463AF94}"
EndProject
Global
	GlobalSection(SolutionConfigurationPlatforms) = preSolution
		Debug|Any CPU = Debug|Any CPU
		Release|Any CPU = Release|Any CPU
	EndGlobalSection
	GlobalSection(ProjectConfigurationPlatforms) = postSolution
		{FA402A3A-94B5-4A9F-AE69-0D6C85A3A79A}.Debug|Any CPU.ActiveCfg = Debug|Any CPU
		{FA402A3A-94B5-4A9F-AE69-0D6C85A3A79A}.Debug|Any CPU.Build.0 = Debug|Any CPU
		{FA402A3A-94B5-4A9F-AE69-0D6C85A3A79A}.Release|Any CPU.ActiveCfg = Release|Any CPU
		{FA402A3A-94B5-4A9F-AE69-0D6C85A3A79A}.Release|Any CPU.Build.0 = Release|Any CPU
		{C564C211-62AB-48D2-9162-F2601FBB8802}.Debug|Any CPU.ActiveCfg = Debug|Any CPU
		{C564C211-62AB-48D2-9162-F2601FBB8802}.Debug|Any CPU.Build.0 = Debug|Any CPU
		{C564C211-62AB-48D2-9162-F2601FBB8802}.Release|Any CPU.ActiveCfg = Release|Any CPU
		{C564C211-62AB-48D2-9162-F2601FBB8802}.Release|Any CPU.Build.0 = Release|Any CPU
		{63FC487B-5A82-4C99-8D99-D0E7B951DE1F}.Debug|Any CPU.ActiveCfg = Debug|Any CPU
		{63FC487B-5A82-4C99-8D99-D0E7B951DE1F}.Debug|Any CPU.Build.0 = Debug|Any CPU
		{63FC487B-5A82-4C99-8D99-D0E7B951DE1F}.Release|Any CPU.ActiveCfg = Release|Any CPU
		{63FC487B-5A82-4C99-8D99-D0E7B951DE1F}.Release|Any CPU.Build.0 = Release|Any CPU
		{CB070214-8873-425F-9BFA-7DECE463AF94}.Debug|Any CPU.ActiveCfg = Debug|Any CPU
		{CB070214-8873-425F-9BFA-7DECE463AF94}.Debug|Any CPU.Build.0 = Debug|Any CPU
		{CB070214-8873-425F-9BFA-7DECE463AF94}.Release|Any CPU.ActiveCfg = Release|Any CPU
		{CB070214-8873-425F-9BFA-7DECE463AF94}.Release|Any CPU.Build.0 = Release|Any CPU
	EndGlobalSection
	GlobalSection(SolutionProperties) = preSolution
		HideSolutionNode = FALSE
	EndGlobalSection
	GlobalSection(ExtensibilityGlobals) = postSolution
		SolutionGuid = {DECE2175-E746-44B1-97CA-0696611D4168}
	EndGlobalSection
EndGlobal
